
Microsoft Visual Studio Solution File, Format Version 12.00
# Visual Studio Version 17
VisualStudioVersion = 17.4.33213.308
MinimumVisualStudioVersion = 10.0.40219.1
Project("{8BC9CEB8-8B4A-11D0-8D11-00A0C91BC942}") = "EntityComponent", "Projects\EntityComponent\EntityComponent.vcxproj", "{E996E8C5-C183-4221-9A3E-4FC9E4475465}"
	ProjectSection(ProjectDependencies) = postProject
		{B4D632C1-E07D-4584-A31D-BB7546930D05} = {B4D632C1-E07D-4584-A31D-BB7546930D05}
		{E37B8FFF-2C86-46A5-B2A6-635658143588} = {E37B8FFF-2C86-46A5-B2A6-635658143588}
	EndProjectSection
EndProject
Project("{8BC9CEB8-8B4A-11D0-8D11-00A0C91BC942}") = "Lua", "Projects\Lua\Lua.vcxproj", "{AC321B4F-EF64-401A-AE73-6B372779FF37}"
EndProject
Project("{8BC9CEB8-8B4A-11D0-8D11-00A0C91BC942}") = "LuaBridge", "Projects\LuaBridge\LuaBridge.vcxproj", "{1CAC7004-ABD3-4156-8820-CBF95D3B8DF7}"
EndProject
Project("{8BC9CEB8-8B4A-11D0-8D11-00A0C91BC942}") = "Nuklear", "Projects\Nuklear\Nuklear.vcxproj", "{73A7A28D-6005-4DC0-9A11-D511F4E7465A}"
EndProject
Project("{8BC9CEB8-8B4A-11D0-8D11-00A0C91BC942}") = "Utils", "Projects\Utils\Utils.vcxproj", "{E37B8FFF-2C86-46A5-B2A6-635658143588}"
EndProject
Project("{8BC9CEB8-8B4A-11D0-8D11-00A0C91BC942}") = "Input", "Projects\Input\Input.vcxproj", "{FA7D6596-A4BD-4C2C-958F-DABE80D49850}"
EndProject
Project("{8BC9CEB8-8B4A-11D0-8D11-00A0C91BC942}") = "Audio", "Projects\Audio\Audio.vcxproj", "{B4D632C1-E07D-4584-A31D-BB7546930D05}"
EndProject
Project("{8BC9CEB8-8B4A-11D0-8D11-00A0C91BC942}") = "Physics", "Projects\Physics\Physics.vcxproj", "{31EA8915-AB30-4545-8535-15A0EE380979}"
EndProject
Project("{8BC9CEB8-8B4A-11D0-8D11-00A0C91BC942}") = "Render", "Projects\Render\Render.vcxproj", "{F397A5DD-2267-4BE9-9453-7DB0DA6118AE}"
EndProject
Project("{8BC9CEB8-8B4A-11D0-8D11-00A0C91BC942}") = "Main", "Projects\Main\Main.vcxproj", "{57A9F9FE-6E4F-47B4-9019-995EF3E812DC}"
EndProject
Project("{8BC9CEB8-8B4A-11D0-8D11-00A0C91BC942}") = "MotorEngine", "Projects\MotorEngine\MotorEngine.vcxproj", "{A84AEEAC-343F-4D4E-AC76-F83AFDC68112}"
EndProject
Global
	GlobalSection(SolutionConfigurationPlatforms) = preSolution
		Debug|x64 = Debug|x64
		Debug|x86 = Debug|x86
		Release|x64 = Release|x64
		Release|x86 = Release|x86
	EndGlobalSection
	GlobalSection(ProjectConfigurationPlatforms) = postSolution
		{E996E8C5-C183-4221-9A3E-4FC9E4475465}.Debug|x64.ActiveCfg = Debug|x64
		{E996E8C5-C183-4221-9A3E-4FC9E4475465}.Debug|x64.Build.0 = Debug|x64
		{E996E8C5-C183-4221-9A3E-4FC9E4475465}.Debug|x86.ActiveCfg = Debug|Win32
		{E996E8C5-C183-4221-9A3E-4FC9E4475465}.Debug|x86.Build.0 = Debug|Win32
		{E996E8C5-C183-4221-9A3E-4FC9E4475465}.Release|x64.ActiveCfg = Release|x64
		{E996E8C5-C183-4221-9A3E-4FC9E4475465}.Release|x64.Build.0 = Release|x64
		{E996E8C5-C183-4221-9A3E-4FC9E4475465}.Release|x86.ActiveCfg = Release|Win32
		{E996E8C5-C183-4221-9A3E-4FC9E4475465}.Release|x86.Build.0 = Release|Win32
		{AC321B4F-EF64-401A-AE73-6B372779FF37}.Debug|x64.ActiveCfg = Debug|x64
		{AC321B4F-EF64-401A-AE73-6B372779FF37}.Debug|x64.Build.0 = Debug|x64
		{AC321B4F-EF64-401A-AE73-6B372779FF37}.Debug|x86.ActiveCfg = Debug|Win32
		{AC321B4F-EF64-401A-AE73-6B372779FF37}.Debug|x86.Build.0 = Debug|Win32
		{AC321B4F-EF64-401A-AE73-6B372779FF37}.Release|x64.ActiveCfg = Release|x64
		{AC321B4F-EF64-401A-AE73-6B372779FF37}.Release|x64.Build.0 = Release|x64
		{AC321B4F-EF64-401A-AE73-6B372779FF37}.Release|x86.ActiveCfg = Release|Win32
		{AC321B4F-EF64-401A-AE73-6B372779FF37}.Release|x86.Build.0 = Release|Win32
		{1CAC7004-ABD3-4156-8820-CBF95D3B8DF7}.Debug|x64.ActiveCfg = Debug|x64
		{1CAC7004-ABD3-4156-8820-CBF95D3B8DF7}.Debug|x64.Build.0 = Debug|x64
		{1CAC7004-ABD3-4156-8820-CBF95D3B8DF7}.Debug|x86.ActiveCfg = Debug|Win32
		{1CAC7004-ABD3-4156-8820-CBF95D3B8DF7}.Debug|x86.Build.0 = Debug|Win32
		{1CAC7004-ABD3-4156-8820-CBF95D3B8DF7}.Release|x64.ActiveCfg = Release|x64
		{1CAC7004-ABD3-4156-8820-CBF95D3B8DF7}.Release|x64.Build.0 = Release|x64
		{1CAC7004-ABD3-4156-8820-CBF95D3B8DF7}.Release|x86.ActiveCfg = Release|Win32
		{1CAC7004-ABD3-4156-8820-CBF95D3B8DF7}.Release|x86.Build.0 = Release|Win32
		{73A7A28D-6005-4DC0-9A11-D511F4E7465A}.Debug|x64.ActiveCfg = Debug|x64
		{73A7A28D-6005-4DC0-9A11-D511F4E7465A}.Debug|x64.Build.0 = Debug|x64
		{73A7A28D-6005-4DC0-9A11-D511F4E7465A}.Debug|x86.ActiveCfg = Debug|Win32
		{73A7A28D-6005-4DC0-9A11-D511F4E7465A}.Debug|x86.Build.0 = Debug|Win32
		{73A7A28D-6005-4DC0-9A11-D511F4E7465A}.Release|x64.ActiveCfg = Release|x64
		{73A7A28D-6005-4DC0-9A11-D511F4E7465A}.Release|x64.Build.0 = Release|x64
		{73A7A28D-6005-4DC0-9A11-D511F4E7465A}.Release|x86.ActiveCfg = Release|Win32
		{73A7A28D-6005-4DC0-9A11-D511F4E7465A}.Release|x86.Build.0 = Release|Win32
		{E37B8FFF-2C86-46A5-B2A6-635658143588}.Debug|x64.ActiveCfg = Debug|x64
		{E37B8FFF-2C86-46A5-B2A6-635658143588}.Debug|x64.Build.0 = Debug|x64
		{E37B8FFF-2C86-46A5-B2A6-635658143588}.Debug|x86.ActiveCfg = Debug|Win32
		{E37B8FFF-2C86-46A5-B2A6-635658143588}.Debug|x86.Build.0 = Debug|Win32
		{E37B8FFF-2C86-46A5-B2A6-635658143588}.Release|x64.ActiveCfg = Release|x64
		{E37B8FFF-2C86-46A5-B2A6-635658143588}.Release|x64.Build.0 = Release|x64
		{E37B8FFF-2C86-46A5-B2A6-635658143588}.Release|x86.ActiveCfg = Release|Win32
		{E37B8FFF-2C86-46A5-B2A6-635658143588}.Release|x86.Build.0 = Release|Win32
		{FA7D6596-A4BD-4C2C-958F-DABE80D49850}.Debug|x64.ActiveCfg = Debug|x64
		{FA7D6596-A4BD-4C2C-958F-DABE80D49850}.Debug|x64.Build.0 = Debug|x64
		{FA7D6596-A4BD-4C2C-958F-DABE80D49850}.Debug|x86.ActiveCfg = Debug|Win32
		{FA7D6596-A4BD-4C2C-958F-DABE80D49850}.Debug|x86.Build.0 = Debug|Win32
		{FA7D6596-A4BD-4C2C-958F-DABE80D49850}.Release|x64.ActiveCfg = Release|x64
		{FA7D6596-A4BD-4C2C-958F-DABE80D49850}.Release|x64.Build.0 = Release|x64
		{FA7D6596-A4BD-4C2C-958F-DABE80D49850}.Release|x86.ActiveCfg = Release|Win32
		{FA7D6596-A4BD-4C2C-958F-DABE80D49850}.Release|x86.Build.0 = Release|Win32
		{B4D632C1-E07D-4584-A31D-BB7546930D05}.Debug|x64.ActiveCfg = Debug|x64
		{B4D632C1-E07D-4584-A31D-BB7546930D05}.Debug|x64.Build.0 = Debug|x64
		{B4D632C1-E07D-4584-A31D-BB7546930D05}.Debug|x86.ActiveCfg = Debug|Win32
		{B4D632C1-E07D-4584-A31D-BB7546930D05}.Debug|x86.Build.0 = Debug|Win32
		{B4D632C1-E07D-4584-A31D-BB7546930D05}.Release|x64.ActiveCfg = Release|x64
		{B4D632C1-E07D-4584-A31D-BB7546930D05}.Release|x64.Build.0 = Release|x64
		{B4D632C1-E07D-4584-A31D-BB7546930D05}.Release|x86.ActiveCfg = Release|Win32
		{B4D632C1-E07D-4584-A31D-BB7546930D05}.Release|x86.Build.0 = Release|Win32
		{31EA8915-AB30-4545-8535-15A0EE380979}.Debug|x64.ActiveCfg = Debug|x64
		{31EA8915-AB30-4545-8535-15A0EE380979}.Debug|x64.Build.0 = Debug|x64
		{31EA8915-AB30-4545-8535-15A0EE380979}.Debug|x86.ActiveCfg = Debug|Win32
		{31EA8915-AB30-4545-8535-15A0EE380979}.Debug|x86.Build.0 = Debug|Win32
		{31EA8915-AB30-4545-8535-15A0EE380979}.Release|x64.ActiveCfg = Release|x64
		{31EA8915-AB30-4545-8535-15A0EE380979}.Release|x64.Build.0 = Release|x64
		{31EA8915-AB30-4545-8535-15A0EE380979}.Release|x86.ActiveCfg = Release|Win32
		{31EA8915-AB30-4545-8535-15A0EE380979}.Release|x86.Build.0 = Release|Win32
		{F397A5DD-2267-4BE9-9453-7DB0DA6118AE}.Debug|x64.ActiveCfg = Debug|x64
		{F397A5DD-2267-4BE9-9453-7DB0DA6118AE}.Debug|x64.Build.0 = Debug|x64
		{F397A5DD-2267-4BE9-9453-7DB0DA6118AE}.Debug|x86.ActiveCfg = Debug|Win32
		{F397A5DD-2267-4BE9-9453-7DB0DA6118AE}.Debug|x86.Build.0 = Debug|Win32
		{F397A5DD-2267-4BE9-9453-7DB0DA6118AE}.Release|x64.ActiveCfg = Release|x64
		{F397A5DD-2267-4BE9-9453-7DB0DA6118AE}.Release|x64.Build.0 = Release|x64
		{F397A5DD-2267-4BE9-9453-7DB0DA6118AE}.Release|x86.ActiveCfg = Release|Win32
		{F397A5DD-2267-4BE9-9453-7DB0DA6118AE}.Release|x86.Build.0 = Release|Win32
		{57A9F9FE-6E4F-47B4-9019-995EF3E812DC}.Debug|x64.ActiveCfg = Debug|x64
		{57A9F9FE-6E4F-47B4-9019-995EF3E812DC}.Debug|x64.Build.0 = Debug|x64
		{57A9F9FE-6E4F-47B4-9019-995EF3E812DC}.Debug|x86.ActiveCfg = Debug|Win32
		{57A9F9FE-6E4F-47B4-9019-995EF3E812DC}.Debug|x86.Build.0 = Debug|Win32
		{57A9F9FE-6E4F-47B4-9019-995EF3E812DC}.Release|x64.ActiveCfg = Release|x64
		{57A9F9FE-6E4F-47B4-9019-995EF3E812DC}.Release|x64.Build.0 = Release|x64
		{57A9F9FE-6E4F-47B4-9019-995EF3E812DC}.Release|x86.ActiveCfg = Release|Win32
		{57A9F9FE-6E4F-47B4-9019-995EF3E812DC}.Release|x86.Build.0 = Release|Win32
		{A84AEEAC-343F-4D4E-AC76-F83AFDC68112}.Debug|x64.ActiveCfg = Debug|x64
		{A84AEEAC-343F-4D4E-AC76-F83AFDC68112}.Debug|x64.Build.0 = Debug|x64
		{A84AEEAC-343F-4D4E-AC76-F83AFDC68112}.Debug|x86.ActiveCfg = Debug|Win32
		{A84AEEAC-343F-4D4E-AC76-F83AFDC68112}.Debug|x86.Build.0 = Debug|Win32
		{A84AEEAC-343F-4D4E-AC76-F83AFDC68112}.Release|x64.ActiveCfg = Release|x64
		{A84AEEAC-343F-4D4E-AC76-F83AFDC68112}.Release|x64.Build.0 = Release|x64
		{A84AEEAC-343F-4D4E-AC76-F83AFDC68112}.Release|x86.ActiveCfg = Release|Win32
		{A84AEEAC-343F-4D4E-AC76-F83AFDC68112}.Release|x86.Build.0 = Release|Win32
	EndGlobalSection
	GlobalSection(SolutionProperties) = preSolution
		HideSolutionNode = FALSE
	EndGlobalSection
	GlobalSection(ExtensibilityGlobals) = postSolution
		SolutionGuid = {B248267B-592D-4B59-A694-B0AB650CFAA3}
	EndGlobalSection
EndGlobal
