<?xml version="1.0" encoding="utf-8"?>
<Project ToolsVersion="4.0" xmlns="http://schemas.microsoft.com/developer/msbuild/2003">
  <ItemGroup>
    <Filter Include="Source Files">
      <UniqueIdentifier>{4FC737F1-C7A5-4376-A066-2A32D752A2FF}</UniqueIdentifier>
      <Extensions>cpp;c;cc;cxx;c++;cppm;ixx;def;odl;idl;hpj;bat;asm;asmx</Extensions>
    </Filter>
    <Filter Include="Header Files">
      <UniqueIdentifier>{93995380-89BD-4b04-88EB-625FBE52EBFB}</UniqueIdentifier>
      <Extensions>h;hh;hpp;hxx;h++;hm;inl;inc;ipp;xsd</Extensions>
    </Filter>
    <Filter Include="Resource Files">
      <UniqueIdentifier>{67DA6AB6-F800-4c08-8B7A-83BB121AAD01}</UniqueIdentifier>
      <Extensions>rc;ico;cur;bmp;dlg;rc2;rct;bin;rgs;gif;jpg;jpeg;jpe;resx;tiff;tif;png;wav;mfcribbon-ms</Extensions>
    </Filter>
    <Filter Include="Header Files\AudioComponents">
      <UniqueIdentifier>{8a838cd1-ff46-481d-8bf1-ffb17595edb7}</UniqueIdentifier>
    </Filter>
    <Filter Include="Source Files\AudioComponents">
      <UniqueIdentifier>{b29df7fe-d5b0-42c8-9a9e-793dce0ce80d}</UniqueIdentifier>
    </Filter>
  </ItemGroup>
  <ItemGroup>
    <ClCompile Include="..\..\Src\Audio\SoundManager.cpp">
      <Filter>Source Files</Filter>
    </ClCompile>
    <ClCompile Include="..\..\Src\Audio\AudioComponents\AudioListener.cpp">
      <Filter>Source Files\AudioComponents</Filter>
    </ClCompile>
    <ClCompile Include="..\..\Src\Audio\AudioComponents\AudioSource.cpp">
      <Filter>Source Files\AudioComponents</Filter>
    </ClCompile>
  </ItemGroup>
  <ItemGroup>
    <ClInclude Include="..\..\Src\Audio\SoundManager.h">
      <Filter>Header Files</Filter>
    </ClInclude>
    <ClInclude Include="..\..\Src\Audio\AudioComponents\AudioListener.h">
      <Filter>Header Files\AudioComponents</Filter>
    </ClInclude>
    <ClInclude Include="..\..\Src\Audio\AudioComponents\AudioSource.h">
      <Filter>Header Files\AudioComponents</Filter>
    </ClInclude>
  </ItemGroup>
</Project>