<?xml version="1.0" encoding="utf-8"?>
<Project ToolsVersion="4.0" xmlns="http://schemas.microsoft.com/developer/msbuild/2003">
  <ItemGroup>
    <ClCompile Include="..\..\Src\EntityComponent\Entity.cpp" />
    <ClCompile Include="..\..\Src\EntityComponent\main.cpp" />
    <ClCompile Include="..\..\Src\EntityComponent\Scene.cpp" />
    <ClCompile Include="..\..\Src\EntityComponent\SceneManager.cpp" />
    <ClCompile Include="..\..\Src\EntityComponent\Components\Animator.cpp" />
    <ClCompile Include="..\..\Src\EntityComponent\Components\AudioListener.cpp" />
    <ClCompile Include="..\..\Src\EntityComponent\Components\AudioSource.cpp" />
    <ClCompile Include="..\..\Src\EntityComponent\Components\Camera.cpp" />
    <ClCompile Include="..\..\Src\EntityComponent\Components\Collider.cpp" />
    <ClCompile Include="..\..\Src\EntityComponent\Components\Component.cpp" />
    <ClCompile Include="..\..\Src\EntityComponent\Components\ComponentsFactory.cpp" />
    <ClCompile Include="..\..\Src\EntityComponent\Components\MeshRenderer.cpp" />
    <ClCompile Include="..\..\Src\EntityComponent\Components\ParticleSystem.cpp" />
    <ClCompile Include="..\..\Src\EntityComponent\Components\RigidBody.cpp" />
    <ClCompile Include="..\..\Src\EntityComponent\Components\Transform.cpp" />
    <ClCompile Include="..\..\Src\EntityComponent\Components\UIButton.cpp" />
    <ClCompile Include="..\..\Src\EntityComponent\Components\UIContainer.cpp" />
    <ClCompile Include="..\..\Src\EntityComponent\Components\UIElement.cpp" />
    <ClCompile Include="..\..\Src\EntityComponent\Components\UIText.cpp" />
    <ClCompile Include="..\..\Src\EntityComponent\Components\VehicleController.cpp" />
    <ClCompile Include="..\..\Src\EntityComponent\Components\FactoryComponent.cpp" />
  </ItemGroup>
  <ItemGroup>
    <ClInclude Include="..\..\Src\EntityComponent\ec_defs.h" />
    <ClInclude Include="..\..\Src\EntityComponent\Entity.h" />
    <ClInclude Include="..\..\Src\EntityComponent\mpl.h" />
    <ClInclude Include="..\..\Src\EntityComponent\Scene.h" />
    <ClInclude Include="..\..\Src\EntityComponent\SceneManager.h" />
    <ClInclude Include="..\..\Src\EntityComponent\Components\Animator.h" />
    <ClInclude Include="..\..\Src\EntityComponent\Components\AudioListener.h" />
    <ClInclude Include="..\..\Src\EntityComponent\Components\AudioSource.h" />
    <ClInclude Include="..\..\Src\EntityComponent\Components\Camera.h" />
    <ClInclude Include="..\..\Src\EntityComponent\Components\Collider.h" />
    <ClInclude Include="..\..\Src\EntityComponent\Components\Component.h" />
    <ClInclude Include="..\..\Src\EntityComponent\Components\ComponentsFactory.h" />
    <ClInclude Include="..\..\Src\EntityComponent\Components\MeshRenderer.h" />
    <ClInclude Include="..\..\Src\EntityComponent\Components\ParticleSystem.h" />
    <ClInclude Include="..\..\Src\EntityComponent\Components\RigidBody.h" />
    <ClInclude Include="..\..\Src\EntityComponent\Components\Transform.h" />
    <ClInclude Include="..\..\Src\EntityComponent\Components\UIButton.h" />
    <ClInclude Include="..\..\Src\EntityComponent\Components\UIContainer.h" />
    <ClInclude Include="..\..\Src\EntityComponent\Components\UIElement.h" />
    <ClInclude Include="..\..\Src\EntityComponent\Components\UIText.h" />
    <ClInclude Include="..\..\Src\EntityComponent\Components\VehicleController.h" />
    <ClInclude Include="..\..\Src\EntityComponent\Components\FactoryComponent.h" />
  </ItemGroup>
</Project>